
Microsoft Visual Studio Solution File, Format Version 12.00
# Visual Studio Version 17
VisualStudioVersion = 17.6.33829.357
MinimumVisualStudioVersion = 10.0.40219.1
Project("{FAE04EC0-301F-11D3-BF4B-00C04F79EFBC}") = "Exe10", "Exe10\Exe10.csproj", "{72F066B4-866C-4835-B0AD-8D96A466848A}"
EndProject
Global
	GlobalSection(SolutionConfigurationPlatforms) = preSolution
		Debug|Any CPU = Debug|Any CPU
		Release|Any CPU = Release|Any CPU
	EndGlobalSection
	GlobalSection(ProjectConfigurationPlatforms) = postSolution
		{72F066B4-866C-4835-B0AD-8D96A466848A}.Debug|Any CPU.ActiveCfg = Debug|Any CPU
		{72F066B4-866C-4835-B0AD-8D96A466848A}.Debug|Any CPU.Build.0 = Debug|Any CPU
		{72F066B4-866C-4835-B0AD-8D96A466848A}.Release|Any CPU.ActiveCfg = Release|Any CPU
		{72F066B4-866C-4835-B0AD-8D96A466848A}.Release|Any CPU.Build.0 = Release|Any CPU
	EndGlobalSection
	GlobalSection(SolutionProperties) = preSolution
		HideSolutionNode = FALSE
	EndGlobalSection
	GlobalSection(ExtensibilityGlobals) = postSolution
		SolutionGuid = {3A34BDFC-6E1C-4CA4-A7A1-5A9CB88F66AC}
	EndGlobalSection
EndGlobal
