
Microsoft Visual Studio Solution File, Format Version 12.00
# Visual Studio Version 17
VisualStudioVersion = 17.6.33829.357
MinimumVisualStudioVersion = 10.0.40219.1
Project("{FAE04EC0-301F-11D3-BF4B-00C04F79EFBC}") = "Exe03", "Exe03\Exe03.csproj", "{63350312-7B61-4CC6-8126-4B01E0537A80}"
EndProject
Global
	GlobalSection(SolutionConfigurationPlatforms) = preSolution
		Debug|Any CPU = Debug|Any CPU
		Release|Any CPU = Release|Any CPU
	EndGlobalSection
	GlobalSection(ProjectConfigurationPlatforms) = postSolution
		{63350312-7B61-4CC6-8126-4B01E0537A80}.Debug|Any CPU.ActiveCfg = Debug|Any CPU
		{63350312-7B61-4CC6-8126-4B01E0537A80}.Debug|Any CPU.Build.0 = Debug|Any CPU
		{63350312-7B61-4CC6-8126-4B01E0537A80}.Release|Any CPU.ActiveCfg = Release|Any CPU
		{63350312-7B61-4CC6-8126-4B01E0537A80}.Release|Any CPU.Build.0 = Release|Any CPU
	EndGlobalSection
	GlobalSection(SolutionProperties) = preSolution
		HideSolutionNode = FALSE
	EndGlobalSection
	GlobalSection(ExtensibilityGlobals) = postSolution
		SolutionGuid = {FB30F42E-5CAE-465A-9B49-172C80D24321}
	EndGlobalSection
EndGlobal
